<?xml version="1.0" encoding="utf-8"?>
<Project ToolsVersion="4.0" xmlns="http://schemas.microsoft.com/developer/msbuild/2003">
  <ItemGroup>
    <Filter Include="Source Files">
      <UniqueIdentifier>{0f26bdf1-54cf-42c4-953b-15f82d5d12dd}</UniqueIdentifier>
      <Extensions>cpp;c;cxx;def;odl;idl;hpj;bat;asm</Extensions>
    </Filter>
    <Filter Include="Header Files">
      <UniqueIdentifier>{6406f375-b138-4623-90dd-c09b888c50c0}</UniqueIdentifier>
      <Extensions>h;hpp;hxx;hm;inl;inc</Extensions>
    </Filter>
    <Filter Include="Resource Files">
      <UniqueIdentifier>{f7274a87-43c9-405a-bd66-2b7d2b04f10b}</UniqueIdentifier>
      <Extensions>rc;ico;cur;bmp;dlg;rc2;rct;bin;rgs;gif;jpg;jpeg;jpe</Extensions>
    </Filter>
  </ItemGroup>
  <ItemGroup>
    <ClCompile Include="$(PELIB_PATH)\Source\pe\dosheader.cpp">
      <Filter>Source Files</Filter>
    </ClCompile>
    <ClCompile Include="$(PELIB_PATH)\Source\pe\dosSection.cpp">
      <Filter>Source Files</Filter>
    </ClCompile>
    <ClCompile Include="$(PELIB_PATH)\Source\pe\humanStringTranslation.cpp">
      <Filter>Source Files</Filter>
    </ClCompile>
    <ClCompile Include="$(PELIB_PATH)\Source\pe\ntDirCli.cpp">
      <Filter>Source Files</Filter>
    </ClCompile>
    <ClCompile Include="$(PELIB_PATH)\Source\pe\ntDirExport.cpp">
      <Filter>Source Files</Filter>
    </ClCompile>
    <ClCompile Include="$(PELIB_PATH)\Source\pe\ntheader.cpp">
      <Filter>Source Files</Filter>
    </ClCompile>
    <ClCompile Include="$(PELIB_PATH)\Source\pe\ntPrivateDirectory.cpp">
      <Filter>Source Files</Filter>
    </ClCompile>
    <ClCompile Include="$(PELIB_PATH)\Source\pe\ntsectionheader.cpp">
      <Filter>Source Files</Filter>
    </ClCompile>
    <ClCompile Include="$(PELIB_PATH)\Source\pe\peFile.cpp">
      <Filter>Source Files</Filter>
    </ClCompile>
    <ClCompile Include="$(PELIB_PATH)\Source\pe\section.cpp">
      <Filter>Source Files</Filter>
    </ClCompile>
    <ClCompile Include="$(PELIB_PATH)\Source\pe\ntDirReloc.cpp">
      <Filter>Source Files</Filter>
    </ClCompile>
  </ItemGroup>
  <ItemGroup>
    <ClInclude Include="$(PELIB_PATH)\Include\pe\datastruct.h">
      <Filter>Header Files</Filter>
    </ClInclude>
    <ClInclude Include="$(PELIB_PATH)\Include\pe\dosheader.h">
      <Filter>Header Files</Filter>
    </ClInclude>
    <ClInclude Include="$(PELIB_PATH)\Include\pe\dosSection.h">
      <Filter>Header Files</Filter>
    </ClInclude>
    <ClInclude Include="$(PELIB_PATH)\Include\pe\humanStringTranslation.h">
      <Filter>Header Files</Filter>
    </ClInclude>
    <ClInclude Include="$(PELIB_PATH)\Include\pe\ntdir.h">
      <Filter>Header Files</Filter>
    </ClInclude>
    <ClInclude Include="$(PELIB_PATH)\Include\pe\ntDirCli.h">
      <Filter>Header Files</Filter>
    </ClInclude>
    <ClInclude Include="$(PELIB_PATH)\Include\pe\ntDirExport.h">
      <Filter>Header Files</Filter>
    </ClInclude>
    <ClInclude Include="$(PELIB_PATH)\Include\pe\ntheader.h">
      <Filter>Header Files</Filter>
    </ClInclude>
    <ClInclude Include="$(PELIB_PATH)\Include\pe\ntPrivateDirectory.h">
      <Filter>Header Files</Filter>
    </ClInclude>
    <ClInclude Include="$(PELIB_PATH)\Include\pe\ntsectionheader.h">
      <Filter>Header Files</Filter>
    </ClInclude>
    <ClInclude Include="$(PELIB_PATH)\Include\pe\peFile.h">
      <Filter>Header Files</Filter>
    </ClInclude>
    <ClInclude Include="$(PELIB_PATH)\Include\pe\section.h">
      <Filter>Header Files</Filter>
    </ClInclude>
    <ClInclude Include="$(PELIB_PATH)\Include\pe\sectionTypes.h">
      <Filter>Header Files</Filter>
    </ClInclude>
    <ClInclude Include="$(PELIB_PATH)\Include\pe\ntDirReloc.h">
      <Filter>Header Files</Filter>
    </ClInclude>
  </ItemGroup>
</Project>